// !$*UTF8*$!
{
	archiveVersion = 1;
	classes = {
	};
	objectVersion = 55;
	objects = {

/* Begin PBXBuildFile section */
		0818A55026DCCC4F00204F58 /* TripWeatherApp.swift in Sources */ = {isa = PBXBuildFile; fileRef = 0818A54F26DCCC4F00204F58 /* TripWeatherApp.swift */; };
		0818A55226DCCC4F00204F58 /* TripsView.swift in Sources */ = {isa = PBXBuildFile; fileRef = 0818A55126DCCC4F00204F58 /* TripsView.swift */; };
		0818A55426DCCC5100204F58 /* Assets.xcassets in Resources */ = {isa = PBXBuildFile; fileRef = 0818A55326DCCC5100204F58 /* Assets.xcassets */; };
		0818A55726DCCC5100204F58 /* Preview Assets.xcassets in Resources */ = {isa = PBXBuildFile; fileRef = 0818A55626DCCC5100204F58 /* Preview Assets.xcassets */; };
		0818A56326DCD78600204F58 /* TripWeatherModel.swift in Sources */ = {isa = PBXBuildFile; fileRef = 0818A56226DCD78600204F58 /* TripWeatherModel.swift */; };
		0818A56526DCD79A00204F58 /* TripsViewModel.swift in Sources */ = {isa = PBXBuildFile; fileRef = 0818A56426DCD79A00204F58 /* TripsViewModel.swift */; };
		0818A56726DCFE6C00204F58 /* BaseView.swift in Sources */ = {isa = PBXBuildFile; fileRef = 0818A56626DCFE6C00204F58 /* BaseView.swift */; };
		0818A56926DD02F400204F58 /* TestData.swift in Sources */ = {isa = PBXBuildFile; fileRef = 0818A56826DD02F400204F58 /* TestData.swift */; };
		0818A56B26DD08A700204F58 /* Helpers.swift in Sources */ = {isa = PBXBuildFile; fileRef = 0818A56A26DD08A700204F58 /* Helpers.swift */; };
		084B8E5426E08F3A0028CD0C /* PhotoSelectionView.swift in Sources */ = {isa = PBXBuildFile; fileRef = 084B8E5326E08F3A0028CD0C /* PhotoSelectionView.swift */; };
		08A6434F26DE509F00404FFE /* AddEditTripView.swift in Sources */ = {isa = PBXBuildFile; fileRef = 08A6434E26DE509F00404FFE /* AddEditTripView.swift */; };
		08A6435126DE6CD900404FFE /* LocationSelectionView.swift in Sources */ = {isa = PBXBuildFile; fileRef = 08A6435026DE6CD900404FFE /* LocationSelectionView.swift */; };
		08D5405E26E1C0DC00807E61 /* TripDetailView.swift in Sources */ = {isa = PBXBuildFile; fileRef = 08D5405D26E1C0DC00807E61 /* TripDetailView.swift */; };
		08E04AFF26DF1F2100461D4D /* LocationService.swift in Sources */ = {isa = PBXBuildFile; fileRef = 08E04AFE26DF1F2100461D4D /* LocationService.swift */; };
		08E04B0226DF4B7300461D4D /* LocationMapView.swift in Sources */ = {isa = PBXBuildFile; fileRef = 08E04B0126DF4B7300461D4D /* LocationMapView.swift */; };
		08E04B0526E07EB500461D4D /* PhotoLibrary.swift in Sources */ = {isa = PBXBuildFile; fileRef = 08E04B0426E07EB500461D4D /* PhotoLibrary.swift */; };
		08E7F53626E4D34F008094BF /* Collapsible.swift in Sources */ = {isa = PBXBuildFile; fileRef = 08E7F53526E4D34F008094BF /* Collapsible.swift */; };
		08EF212526E2519F00E6445F /* Key.swift in Sources */ = {isa = PBXBuildFile; fileRef = 08EF212426E2519F00E6445F /* Key.swift */; };
/* End PBXBuildFile section */

/* Begin PBXFileReference section */
		0818A54C26DCCC4F00204F58 /* Trip Weather.app */ = {isa = PBXFileReference; explicitFileType = wrapper.application; includeInIndex = 0; path = "Trip Weather.app"; sourceTree = BUILT_PRODUCTS_DIR; };
		0818A54F26DCCC4F00204F58 /* TripWeatherApp.swift */ = {isa = PBXFileReference; lastKnownFileType = sourcecode.swift; path = TripWeatherApp.swift; sourceTree = "<group>"; };
		0818A55126DCCC4F00204F58 /* TripsView.swift */ = {isa = PBXFileReference; lastKnownFileType = sourcecode.swift; path = TripsView.swift; sourceTree = "<group>"; };
		0818A55326DCCC5100204F58 /* Assets.xcassets */ = {isa = PBXFileReference; lastKnownFileType = folder.assetcatalog; path = Assets.xcassets; sourceTree = "<group>"; };
		0818A55626DCCC5100204F58 /* Preview Assets.xcassets */ = {isa = PBXFileReference; lastKnownFileType = folder.assetcatalog; path = "Preview Assets.xcassets"; sourceTree = "<group>"; };
		0818A56226DCD78600204F58 /* TripWeatherModel.swift */ = {isa = PBXFileReference; lastKnownFileType = sourcecode.swift; path = TripWeatherModel.swift; sourceTree = "<group>"; };
		0818A56426DCD79A00204F58 /* TripsViewModel.swift */ = {isa = PBXFileReference; lastKnownFileType = sourcecode.swift; path = TripsViewModel.swift; sourceTree = "<group>"; };
		0818A56626DCFE6C00204F58 /* BaseView.swift */ = {isa = PBXFileReference; lastKnownFileType = sourcecode.swift; path = BaseView.swift; sourceTree = "<group>"; };
		0818A56826DD02F400204F58 /* TestData.swift */ = {isa = PBXFileReference; lastKnownFileType = sourcecode.swift; path = TestData.swift; sourceTree = "<group>"; };
		0818A56A26DD08A700204F58 /* Helpers.swift */ = {isa = PBXFileReference; lastKnownFileType = sourcecode.swift; path = Helpers.swift; sourceTree = "<group>"; };
		084B8E5326E08F3A0028CD0C /* PhotoSelectionView.swift */ = {isa = PBXFileReference; lastKnownFileType = sourcecode.swift; path = PhotoSelectionView.swift; sourceTree = "<group>"; };
		08A6434D26DE185200404FFE /* Trip-Weather-Info.plist */ = {isa = PBXFileReference; lastKnownFileType = text.plist; path = "Trip-Weather-Info.plist"; sourceTree = SOURCE_ROOT; };
		08A6434E26DE509F00404FFE /* AddEditTripView.swift */ = {isa = PBXFileReference; lastKnownFileType = sourcecode.swift; path = AddEditTripView.swift; sourceTree = "<group>"; };
		08A6435026DE6CD900404FFE /* LocationSelectionView.swift */ = {isa = PBXFileReference; lastKnownFileType = sourcecode.swift; path = LocationSelectionView.swift; sourceTree = "<group>"; };
		08D5405D26E1C0DC00807E61 /* TripDetailView.swift */ = {isa = PBXFileReference; lastKnownFileType = sourcecode.swift; name = TripDetailView.swift; path = "Trip Weather/Views/TripDetailView.swift"; sourceTree = SOURCE_ROOT; };
		08E04AFE26DF1F2100461D4D /* LocationService.swift */ = {isa = PBXFileReference; lastKnownFileType = sourcecode.swift; path = LocationService.swift; sourceTree = "<group>"; };
		08E04B0126DF4B7300461D4D /* LocationMapView.swift */ = {isa = PBXFileReference; lastKnownFileType = sourcecode.swift; path = LocationMapView.swift; sourceTree = "<group>"; };
		08E04B0426E07EB500461D4D /* PhotoLibrary.swift */ = {isa = PBXFileReference; fileEncoding = 4; lastKnownFileType = sourcecode.swift; path = PhotoLibrary.swift; sourceTree = "<group>"; };
		08E7F53526E4D34F008094BF /* Collapsible.swift */ = {isa = PBXFileReference; lastKnownFileType = sourcecode.swift; path = Collapsible.swift; sourceTree = "<group>"; };
		08EF212426E2519F00E6445F /* Key.swift */ = {isa = PBXFileReference; lastKnownFileType = sourcecode.swift; path = Key.swift; sourceTree = "<group>"; };
/* End PBXFileReference section */

/* Begin PBXFrameworksBuildPhase section */
		0818A54926DCCC4F00204F58 /* Frameworks */ = {
			isa = PBXFrameworksBuildPhase;
			buildActionMask = 2147483647;
			files = (
			);
			runOnlyForDeploymentPostprocessing = 0;
		};
/* End PBXFrameworksBuildPhase section */

/* Begin PBXGroup section */
		0818A54326DCCC4F00204F58 = {
			isa = PBXGroup;
			children = (
				0818A54E26DCCC4F00204F58 /* Trip Weather */,
				0818A54D26DCCC4F00204F58 /* Products */,
			);
			sourceTree = "<group>";
		};
		0818A54D26DCCC4F00204F58 /* Products */ = {
			isa = PBXGroup;
			children = (
				0818A54C26DCCC4F00204F58 /* Trip Weather.app */,
			);
			name = Products;
			sourceTree = "<group>";
		};
		0818A54E26DCCC4F00204F58 /* Trip Weather */ = {
			isa = PBXGroup;
			children = (
				08E04B0326E07E9A00461D4D /* UIKit Controllers */,
				08E04B0026DF2B4300461D4D /* ViewModels */,
				08E04AFD26DF1C8700461D4D /* Views */,
				08A6434D26DE185200404FFE /* Trip-Weather-Info.plist */,
				0818A54F26DCCC4F00204F58 /* TripWeatherApp.swift */,
				0818A55326DCCC5100204F58 /* Assets.xcassets */,
				0818A55526DCCC5100204F58 /* Preview Content */,
				0818A56226DCD78600204F58 /* TripWeatherModel.swift */,
				0818A56826DD02F400204F58 /* TestData.swift */,
				0818A56A26DD08A700204F58 /* Helpers.swift */,
				08EF212426E2519F00E6445F /* Key.swift */,
			);
			path = "Trip Weather";
			sourceTree = "<group>";
		};
		0818A55526DCCC5100204F58 /* Preview Content */ = {
			isa = PBXGroup;
			children = (
				0818A55626DCCC5100204F58 /* Preview Assets.xcassets */,
			);
			path = "Preview Content";
			sourceTree = "<group>";
		};
		08E04AFD26DF1C8700461D4D /* Views */ = {
			isa = PBXGroup;
			children = (
				08D5405D26E1C0DC00807E61 /* TripDetailView.swift */,
				08A6435026DE6CD900404FFE /* LocationSelectionView.swift */,
				0818A55126DCCC4F00204F58 /* TripsView.swift */,
				0818A56626DCFE6C00204F58 /* BaseView.swift */,
				08A6434E26DE509F00404FFE /* AddEditTripView.swift */,
				08E04B0126DF4B7300461D4D /* LocationMapView.swift */,
				084B8E5326E08F3A0028CD0C /* PhotoSelectionView.swift */,
				08E7F53526E4D34F008094BF /* Collapsible.swift */,
			);
			path = Views;
			sourceTree = "<group>";
		};
		08E04B0026DF2B4300461D4D /* ViewModels */ = {
			isa = PBXGroup;
			children = (
				0818A56426DCD79A00204F58 /* TripsViewModel.swift */,
				08E04AFE26DF1F2100461D4D /* LocationService.swift */,
			);
			path = ViewModels;
			sourceTree = "<group>";
		};
		08E04B0326E07E9A00461D4D /* UIKit Controllers */ = {
			isa = PBXGroup;
			children = (
				08E04B0426E07EB500461D4D /* PhotoLibrary.swift */,
			);
			path = "UIKit Controllers";
			sourceTree = "<group>";
		};
/* End PBXGroup section */

/* Begin PBXNativeTarget section */
		0818A54B26DCCC4F00204F58 /* Trip Weather */ = {
			isa = PBXNativeTarget;
			buildConfigurationList = 0818A55F26DCCC5100204F58 /* Build configuration list for PBXNativeTarget "Trip Weather" */;
			buildPhases = (
				0818A54826DCCC4F00204F58 /* Sources */,
				0818A54926DCCC4F00204F58 /* Frameworks */,
				0818A54A26DCCC4F00204F58 /* Resources */,
			);
			buildRules = (
			);
			dependencies = (
			);
			name = "Trip Weather";
			packageProductDependencies = (
			);
			productName = "Trip Weather";
			productReference = 0818A54C26DCCC4F00204F58 /* Trip Weather.app */;
			productType = "com.apple.product-type.application";
		};
/* End PBXNativeTarget section */

/* Begin PBXProject section */
		0818A54426DCCC4F00204F58 /* Project object */ = {
			isa = PBXProject;
			attributes = {
				BuildIndependentTargetsInParallel = 1;
				LastSwiftUpdateCheck = 1300;
				LastUpgradeCheck = 1300;
				TargetAttributes = {
					0818A54B26DCCC4F00204F58 = {
						CreatedOnToolsVersion = 13.0;
					};
				};
			};
			buildConfigurationList = 0818A54726DCCC4F00204F58 /* Build configuration list for PBXProject "Trip Weather" */;
			compatibilityVersion = "Xcode 13.0";
			developmentRegion = en;
			hasScannedForEncodings = 0;
			knownRegions = (
				en,
				Base,
			);
			mainGroup = 0818A54326DCCC4F00204F58;
			packageReferences = (
			);
			productRefGroup = 0818A54D26DCCC4F00204F58 /* Products */;
			projectDirPath = "";
			projectRoot = "";
			targets = (
				0818A54B26DCCC4F00204F58 /* Trip Weather */,
			);
		};
/* End PBXProject section */

/* Begin PBXResourcesBuildPhase section */
		0818A54A26DCCC4F00204F58 /* Resources */ = {
			isa = PBXResourcesBuildPhase;
			buildActionMask = 2147483647;
			files = (
				0818A55726DCCC5100204F58 /* Preview Assets.xcassets in Resources */,
				0818A55426DCCC5100204F58 /* Assets.xcassets in Resources */,
			);
			runOnlyForDeploymentPostprocessing = 0;
		};
/* End PBXResourcesBuildPhase section */

/* Begin PBXSourcesBuildPhase section */
		0818A54826DCCC4F00204F58 /* Sources */ = {
			isa = PBXSourcesBuildPhase;
			buildActionMask = 2147483647;
			files = (
				08D5405E26E1C0DC00807E61 /* TripDetailView.swift in Sources */,
				0818A56326DCD78600204F58 /* TripWeatherModel.swift in Sources */,
				08A6434F26DE509F00404FFE /* AddEditTripView.swift in Sources */,
				084B8E5426E08F3A0028CD0C /* PhotoSelectionView.swift in Sources */,
				0818A56526DCD79A00204F58 /* TripsViewModel.swift in Sources */,
				08E04B0526E07EB500461D4D /* PhotoLibrary.swift in Sources */,
				08E7F53626E4D34F008094BF /* Collapsible.swift in Sources */,
				0818A56926DD02F400204F58 /* TestData.swift in Sources */,
				08A6435126DE6CD900404FFE /* LocationSelectionView.swift in Sources */,
				08E04B0226DF4B7300461D4D /* LocationMapView.swift in Sources */,
				0818A56B26DD08A700204F58 /* Helpers.swift in Sources */,
				0818A55226DCCC4F00204F58 /* TripsView.swift in Sources */,
				08EF212526E2519F00E6445F /* Key.swift in Sources */,
				0818A56726DCFE6C00204F58 /* BaseView.swift in Sources */,
				0818A55026DCCC4F00204F58 /* TripWeatherApp.swift in Sources */,
				08E04AFF26DF1F2100461D4D /* LocationService.swift in Sources */,
			);
			runOnlyForDeploymentPostprocessing = 0;
		};
/* End PBXSourcesBuildPhase section */

/* Begin XCBuildConfiguration section */
		0818A55D26DCCC5100204F58 /* Debug */ = {
			isa = XCBuildConfiguration;
			buildSettings = {
				ALWAYS_SEARCH_USER_PATHS = NO;
				CLANG_ANALYZER_NONNULL = YES;
				CLANG_ANALYZER_NUMBER_OBJECT_CONVERSION = YES_AGGRESSIVE;
				CLANG_CXX_LANGUAGE_STANDARD = "gnu++17";
				CLANG_CXX_LIBRARY = "libc++";
				CLANG_ENABLE_MODULES = YES;
				CLANG_ENABLE_OBJC_ARC = YES;
				CLANG_ENABLE_OBJC_WEAK = YES;
				CLANG_WARN_BLOCK_CAPTURE_AUTORELEASING = YES;
				CLANG_WARN_BOOL_CONVERSION = YES;
				CLANG_WARN_COMMA = YES;
				CLANG_WARN_CONSTANT_CONVERSION = YES;
				CLANG_WARN_DEPRECATED_OBJC_IMPLEMENTATIONS = YES;
				CLANG_WARN_DIRECT_OBJC_ISA_USAGE = YES_ERROR;
				CLANG_WARN_DOCUMENTATION_COMMENTS = YES;
				CLANG_WARN_EMPTY_BODY = YES;
				CLANG_WARN_ENUM_CONVERSION = YES;
				CLANG_WARN_INFINITE_RECURSION = YES;
				CLANG_WARN_INT_CONVERSION = YES;
				CLANG_WARN_NON_LITERAL_NULL_CONVERSION = YES;
				CLANG_WARN_OBJC_IMPLICIT_RETAIN_SELF = YES;
				CLANG_WARN_OBJC_LITERAL_CONVERSION = YES;
				CLANG_WARN_OBJC_ROOT_CLASS = YES_ERROR;
				CLANG_WARN_QUOTED_INCLUDE_IN_FRAMEWORK_HEADER = YES;
				CLANG_WARN_RANGE_LOOP_ANALYSIS = YES;
				CLANG_WARN_STRICT_PROTOTYPES = YES;
				CLANG_WARN_SUSPICIOUS_MOVE = YES;
				CLANG_WARN_UNGUARDED_AVAILABILITY = YES_AGGRESSIVE;
				CLANG_WARN_UNREACHABLE_CODE = YES;
				CLANG_WARN__DUPLICATE_METHOD_MATCH = YES;
				COPY_PHASE_STRIP = NO;
				DEBUG_INFORMATION_FORMAT = dwarf;
				ENABLE_STRICT_OBJC_MSGSEND = YES;
				ENABLE_TESTABILITY = YES;
				GCC_C_LANGUAGE_STANDARD = gnu11;
				GCC_DYNAMIC_NO_PIC = NO;
				GCC_NO_COMMON_BLOCKS = YES;
				GCC_OPTIMIZATION_LEVEL = 0;
				GCC_PREPROCESSOR_DEFINITIONS = (
					"DEBUG=1",
					"$(inherited)",
				);
				GCC_WARN_64_TO_32_BIT_CONVERSION = YES;
				GCC_WARN_ABOUT_RETURN_TYPE = YES_ERROR;
				GCC_WARN_UNDECLARED_SELECTOR = YES;
				GCC_WARN_UNINITIALIZED_AUTOS = YES_AGGRESSIVE;
				GCC_WARN_UNUSED_FUNCTION = YES;
				GCC_WARN_UNUSED_VARIABLE = YES;
				IPHONEOS_DEPLOYMENT_TARGET = 14.0;
				MTL_ENABLE_DEBUG_INFO = INCLUDE_SOURCE;
				MTL_FAST_MATH = YES;
				ONLY_ACTIVE_ARCH = YES;
				SDKROOT = iphoneos;
				SWIFT_ACTIVE_COMPILATION_CONDITIONS = DEBUG;
				SWIFT_OPTIMIZATION_LEVEL = "-Onone";
			};
			name = Debug;
		};
		0818A55E26DCCC5100204F58 /* Release */ = {
			isa = XCBuildConfiguration;
			buildSettings = {
				ALWAYS_SEARCH_USER_PATHS = NO;
				CLANG_ANALYZER_NONNULL = YES;
				CLANG_ANALYZER_NUMBER_OBJECT_CONVERSION = YES_AGGRESSIVE;
				CLANG_CXX_LANGUAGE_STANDARD = "gnu++17";
				CLANG_CXX_LIBRARY = "libc++";
				CLANG_ENABLE_MODULES = YES;
				CLANG_ENABLE_OBJC_ARC = YES;
				CLANG_ENABLE_OBJC_WEAK = YES;
				CLANG_WARN_BLOCK_CAPTURE_AUTORELEASING = YES;
				CLANG_WARN_BOOL_CONVERSION = YES;
				CLANG_WARN_COMMA = YES;
				CLANG_WARN_CONSTANT_CONVERSION = YES;
				CLANG_WARN_DEPRECATED_OBJC_IMPLEMENTATIONS = YES;
				CLANG_WARN_DIRECT_OBJC_ISA_USAGE = YES_ERROR;
				CLANG_WARN_DOCUMENTATION_COMMENTS = YES;
				CLANG_WARN_EMPTY_BODY = YES;
				CLANG_WARN_ENUM_CONVERSION = YES;
				CLANG_WARN_INFINITE_RECURSION = YES;
				CLANG_WARN_INT_CONVERSION = YES;
				CLANG_WARN_NON_LITERAL_NULL_CONVERSION = YES;
				CLANG_WARN_OBJC_IMPLICIT_RETAIN_SELF = YES;
				CLANG_WARN_OBJC_LITERAL_CONVERSION = YES;
				CLANG_WARN_OBJC_ROOT_CLASS = YES_ERROR;
				CLANG_WARN_QUOTED_INCLUDE_IN_FRAMEWORK_HEADER = YES;
				CLANG_WARN_RANGE_LOOP_ANALYSIS = YES;
				CLANG_WARN_STRICT_PROTOTYPES = YES;
				CLANG_WARN_SUSPICIOUS_MOVE = YES;
				CLANG_WARN_UNGUARDED_AVAILABILITY = YES_AGGRESSIVE;
				CLANG_WARN_UNREACHABLE_CODE = YES;
				CLANG_WARN__DUPLICATE_METHOD_MATCH = YES;
				COPY_PHASE_STRIP = NO;
				DEBUG_INFORMATION_FORMAT = "dwarf-with-dsym";
				ENABLE_NS_ASSERTIONS = NO;
				ENABLE_STRICT_OBJC_MSGSEND = YES;
				GCC_C_LANGUAGE_STANDARD = gnu11;
				GCC_NO_COMMON_BLOCKS = YES;
				GCC_WARN_64_TO_32_BIT_CONVERSION = YES;
				GCC_WARN_ABOUT_RETURN_TYPE = YES_ERROR;
				GCC_WARN_UNDECLARED_SELECTOR = YES;
				GCC_WARN_UNINITIALIZED_AUTOS = YES_AGGRESSIVE;
				GCC_WARN_UNUSED_FUNCTION = YES;
				GCC_WARN_UNUSED_VARIABLE = YES;
				IPHONEOS_DEPLOYMENT_TARGET = 14.0;
				MTL_ENABLE_DEBUG_INFO = NO;
				MTL_FAST_MATH = YES;
				SDKROOT = iphoneos;
				SWIFT_COMPILATION_MODE = wholemodule;
				SWIFT_OPTIMIZATION_LEVEL = "-O";
				VALIDATE_PRODUCT = YES;
			};
			name = Release;
		};
		0818A56026DCCC5100204F58 /* Debug */ = {
			isa = XCBuildConfiguration;
			buildSettings = {
				ASSETCATALOG_COMPILER_APPICON_NAME = AppIcon;
				ASSETCATALOG_COMPILER_GLOBAL_ACCENT_COLOR_NAME = AccentColor;
				CODE_SIGN_STYLE = Automatic;
				CURRENT_PROJECT_VERSION = 1;
				DEVELOPMENT_ASSET_PATHS = "\"Trip Weather/Preview Content\"";
				DEVELOPMENT_TEAM = S3HN49TN9S;
				ENABLE_PREVIEWS = YES;
				GENERATE_INFOPLIST_FILE = YES;
				INFOPLIST_FILE = "Trip-Weather-Info.plist";
				INFOPLIST_KEY_LSApplicationCategoryType = "";
				INFOPLIST_KEY_UIApplicationSceneManifest_Generation = YES;
				INFOPLIST_KEY_UIApplicationSupportsIndirectInputEvents = YES;
				INFOPLIST_KEY_UILaunchScreen_Generation = YES;
				INFOPLIST_KEY_UISupportedInterfaceOrientations_iPad = "UIInterfaceOrientationPortrait UIInterfaceOrientationPortraitUpsideDown UIInterfaceOrientationLandscapeLeft UIInterfaceOrientationLandscapeRight";
				INFOPLIST_KEY_UISupportedInterfaceOrientations_iPhone = "UIInterfaceOrientationPortrait UIInterfaceOrientationLandscapeLeft UIInterfaceOrientationLandscapeRight";
				INFOPLIST_KEY_UIUserInterfaceStyle = Automatic;
				IPHONEOS_DEPLOYMENT_TARGET = 14.0;
				LD_RUNPATH_SEARCH_PATHS = (
					"$(inherited)",
					"@executable_path/Frameworks",
				);
				MARKETING_VERSION = 1.0;
				PRODUCT_BUNDLE_IDENTIFIER = "com.jltech.Trip-Weather";
				PRODUCT_NAME = "$(TARGET_NAME)";
				SWIFT_EMIT_LOC_STRINGS = YES;
				SWIFT_VERSION = 5.0;
				TARGETED_DEVICE_FAMILY = "1,2";
			};
			name = Debug;
		};
		0818A56126DCCC5100204F58 /* Release */ = {
			isa = XCBuildConfiguration;
			buildSettings = {
				ASSETCATALOG_COMPILER_APPICON_NAME = AppIcon;
				ASSETCATALOG_COMPILER_GLOBAL_ACCENT_COLOR_NAME = AccentColor;
				CODE_SIGN_STYLE = Automatic;
				CURRENT_PROJECT_VERSION = 1;
				DEVELOPMENT_ASSET_PATHS = "\"Trip Weather/Preview Content\"";
				DEVELOPMENT_TEAM = S3HN49TN9S;
				ENABLE_PREVIEWS = YES;
				GENERATE_INFOPLIST_FILE = YES;
				INFOPLIST_FILE = "Trip-Weather-Info.plist";
				INFOPLIST_KEY_LSApplicationCategoryType = "";
				INFOPLIST_KEY_UIApplicationSceneManifest_Generation = YES;
				INFOPLIST_KEY_UIApplicationSupportsIndirectInputEvents = YES;
				INFOPLIST_KEY_UILaunchScreen_Generation = YES;
				INFOPLIST_KEY_UISupportedInterfaceOrientations_iPad = "UIInterfaceOrientationPortrait UIInterfaceOrientationPortraitUpsideDown UIInterfaceOrientationLandscapeLeft UIInterfaceOrientationLandscapeRight";
				INFOPLIST_KEY_UISupportedInterfaceOrientations_iPhone = "UIInterfaceOrientationPortrait UIInterfaceOrientationLandscapeLeft UIInterfaceOrientationLandscapeRight";
				INFOPLIST_KEY_UIUserInterfaceStyle = Automatic;
				IPHONEOS_DEPLOYMENT_TARGET = 14.0;
				LD_RUNPATH_SEARCH_PATHS = (
					"$(inherited)",
					"@executable_path/Frameworks",
				);
				MARKETING_VERSION = 1.0;
				PRODUCT_BUNDLE_IDENTIFIER = "com.jltech.Trip-Weather";
				PRODUCT_NAME = "$(TARGET_NAME)";
				SWIFT_EMIT_LOC_STRINGS = YES;
				SWIFT_VERSION = 5.0;
				TARGETED_DEVICE_FAMILY = "1,2";
			};
			name = Release;
		};
/* End XCBuildConfiguration section */

/* Begin XCConfigurationList section */
		0818A54726DCCC4F00204F58 /* Build configuration list for PBXProject "Trip Weather" */ = {
			isa = XCConfigurationList;
			buildConfigurations = (
				0818A55D26DCCC5100204F58 /* Debug */,
				0818A55E26DCCC5100204F58 /* Release */,
			);
			defaultConfigurationIsVisible = 0;
			defaultConfigurationName = Release;
		};
		0818A55F26DCCC5100204F58 /* Build configuration list for PBXNativeTarget "Trip Weather" */ = {
			isa = XCConfigurationList;
			buildConfigurations = (
				0818A56026DCCC5100204F58 /* Debug */,
				0818A56126DCCC5100204F58 /* Release */,
			);
			defaultConfigurationIsVisible = 0;
			defaultConfigurationName = Release;
		};
/* End XCConfigurationList section */
	};
	rootObject = 0818A54426DCCC4F00204F58 /* Project object */;
}
